
Microsoft Visual Studio Solution File, Format Version 12.00
# Visual Studio 14
VisualStudioVersion = 14.0.23107.0
MinimumVisualStudioVersion = 10.0.40219.1
Project("{FAE04EC0-301F-11D3-BF4B-00C04F79EFBC}") = "LeadLesson", "LeadLesson\LeadLesson.csproj", "{55579B3A-810C-4A38-A91B-3B51A5A5E821}"
EndProject
Global
	GlobalSection(SolutionConfigurationPlatforms) = preSolution
		Debug|Any CPU = Debug|Any CPU
		Release|Any CPU = Release|Any CPU
	EndGlobalSection
	GlobalSection(ProjectConfigurationPlatforms) = postSolution
		{55579B3A-810C-4A38-A91B-3B51A5A5E821}.Debug|Any CPU.ActiveCfg = Debug|Any CPU
		{55579B3A-810C-4A38-A91B-3B51A5A5E821}.Debug|Any CPU.Build.0 = Debug|Any CPU
		{55579B3A-810C-4A38-A91B-3B51A5A5E821}.Release|Any CPU.ActiveCfg = Release|Any CPU
		{55579B3A-810C-4A38-A91B-3B51A5A5E821}.Release|Any CPU.Build.0 = Release|Any CPU
	EndGlobalSection
	GlobalSection(SolutionProperties) = preSolution
		HideSolutionNode = FALSE
	EndGlobalSection
EndGlobal
